
Microsoft Visual Studio Solution File, Format Version 12.00
# Visual Studio Version 16
VisualStudioVersion = 16.0.33328.57
MinimumVisualStudioVersion = 10.0.40219.1
Project("{FAE04EC0-301F-11D3-BF4B-00C04F79EFBC}") = "seyhan", "seyhan\seyhan.csproj", "{8C3FE548-CC93-4EBD-B44E-81111AB41983}"
EndProject
Global
	GlobalSection(SolutionConfigurationPlatforms) = preSolution
		Debug|Any CPU = Debug|Any CPU
		Release|Any CPU = Release|Any CPU
	EndGlobalSection
	GlobalSection(ProjectConfigurationPlatforms) = postSolution
		{8C3FE548-CC93-4EBD-B44E-81111AB41983}.Debug|Any CPU.ActiveCfg = Debug|Any CPU
		{8C3FE548-CC93-4EBD-B44E-81111AB41983}.Debug|Any CPU.Build.0 = Debug|Any CPU
		{8C3FE548-CC93-4EBD-B44E-81111AB41983}.Release|Any CPU.ActiveCfg = Release|Any CPU
		{8C3FE548-CC93-4EBD-B44E-81111AB41983}.Release|Any CPU.Build.0 = Release|Any CPU
	EndGlobalSection
	GlobalSection(SolutionProperties) = preSolution
		HideSolutionNode = FALSE
	EndGlobalSection
	GlobalSection(ExtensibilityGlobals) = postSolution
		SolutionGuid = {7093DB7B-734A-431D-80F4-0F4964E04264}
	EndGlobalSection
EndGlobal
